
Microsoft Visual Studio Solution File, Format Version 12.00
# Visual Studio Version 17
VisualStudioVersion = 17.1.32210.238
MinimumVisualStudioVersion = 10.0.40219.1
Project("{FAE04EC0-301F-11D3-BF4B-00C04F79EFBC}") = "modul8_1302204066", "modul8_1302204066\modul8_1302204066.csproj", "{2DD85DF1-2213-47D9-B108-AE19794E1FB8}"
EndProject
Global
	GlobalSection(SolutionConfigurationPlatforms) = preSolution
		Debug|Any CPU = Debug|Any CPU
		Release|Any CPU = Release|Any CPU
	EndGlobalSection
	GlobalSection(ProjectConfigurationPlatforms) = postSolution
		{2DD85DF1-2213-47D9-B108-AE19794E1FB8}.Debug|Any CPU.ActiveCfg = Debug|Any CPU
		{2DD85DF1-2213-47D9-B108-AE19794E1FB8}.Debug|Any CPU.Build.0 = Debug|Any CPU
		{2DD85DF1-2213-47D9-B108-AE19794E1FB8}.Release|Any CPU.ActiveCfg = Release|Any CPU
		{2DD85DF1-2213-47D9-B108-AE19794E1FB8}.Release|Any CPU.Build.0 = Release|Any CPU
	EndGlobalSection
	GlobalSection(SolutionProperties) = preSolution
		HideSolutionNode = FALSE
	EndGlobalSection
	GlobalSection(ExtensibilityGlobals) = postSolution
		SolutionGuid = {733A9514-D02B-4413-A117-4053C944A230}
	EndGlobalSection
EndGlobal
